
Microsoft Visual Studio Solution File, Format Version 12.00
# Visual Studio Version 17
VisualStudioVersion = 17.0.31903.59
MinimumVisualStudioVersion = 10.0.40219.1
Project("{FAE04EC0-301F-11D3-BF4B-00C04F79EFBC}") = "Inventory.API", "Inventory.API\Inventory.API\Inventory.API.csproj", "{E403EEB0-DC19-4727-B249-839C0CF907EF}"
EndProject
Project("{FAE04EC0-301F-11D3-BF4B-00C04F79EFBC}") = "Inventory.Domain", "Inventory.Domain\Inventory.Domain.csproj", "{99A8E5C2-C247-4761-B267-7351D7CE7D8B}"
EndProject
Project("{FAE04EC0-301F-11D3-BF4B-00C04F79EFBC}") = "Inventory.Infrastructure", "Inventory.Infrastructure\Inventory.Infrastructure.csproj", "{8F466832-3206-41F8-AF8B-F6C1AC32BBC1}"
EndProject
Project("{FAE04EC0-301F-11D3-BF4B-00C04F79EFBC}") = "Inventory.Application", "Inventory.Application\Inventory.Application.csproj", "{40548207-5FBC-45D3-9883-048C6442AB78}"
EndProject
Project("{FAE04EC0-301F-11D3-BF4B-00C04F79EFBC}") = "Inventory.Application.Tests", "Inventory.Application.Tests\Inventory.Application.Tests.csproj", "{D22B4D0E-CC85-44A4-8505-DFD2FB56FAC2}"
EndProject
Global
	GlobalSection(SolutionConfigurationPlatforms) = preSolution
		Debug|Any CPU = Debug|Any CPU
		Release|Any CPU = Release|Any CPU
	EndGlobalSection
	GlobalSection(ProjectConfigurationPlatforms) = postSolution
		{99A8E5C2-C247-4761-B267-7351D7CE7D8B}.Debug|Any CPU.ActiveCfg = Debug|Any CPU
		{99A8E5C2-C247-4761-B267-7351D7CE7D8B}.Debug|Any CPU.Build.0 = Debug|Any CPU
		{99A8E5C2-C247-4761-B267-7351D7CE7D8B}.Release|Any CPU.ActiveCfg = Release|Any CPU
		{99A8E5C2-C247-4761-B267-7351D7CE7D8B}.Release|Any CPU.Build.0 = Release|Any CPU
		{8F466832-3206-41F8-AF8B-F6C1AC32BBC1}.Debug|Any CPU.ActiveCfg = Debug|Any CPU
		{8F466832-3206-41F8-AF8B-F6C1AC32BBC1}.Debug|Any CPU.Build.0 = Debug|Any CPU
		{8F466832-3206-41F8-AF8B-F6C1AC32BBC1}.Release|Any CPU.ActiveCfg = Release|Any CPU
		{8F466832-3206-41F8-AF8B-F6C1AC32BBC1}.Release|Any CPU.Build.0 = Release|Any CPU
		{40548207-5FBC-45D3-9883-048C6442AB78}.Debug|Any CPU.ActiveCfg = Debug|Any CPU
		{40548207-5FBC-45D3-9883-048C6442AB78}.Debug|Any CPU.Build.0 = Debug|Any CPU
		{40548207-5FBC-45D3-9883-048C6442AB78}.Release|Any CPU.ActiveCfg = Release|Any CPU
		{40548207-5FBC-45D3-9883-048C6442AB78}.Release|Any CPU.Build.0 = Release|Any CPU
		{E403EEB0-DC19-4727-B249-839C0CF907EF}.Debug|Any CPU.ActiveCfg = Debug|Any CPU
		{E403EEB0-DC19-4727-B249-839C0CF907EF}.Debug|Any CPU.Build.0 = Debug|Any CPU
		{E403EEB0-DC19-4727-B249-839C0CF907EF}.Release|Any CPU.ActiveCfg = Release|Any CPU
		{E403EEB0-DC19-4727-B249-839C0CF907EF}.Release|Any CPU.Build.0 = Release|Any CPU
		{D22B4D0E-CC85-44A4-8505-DFD2FB56FAC2}.Debug|Any CPU.ActiveCfg = Debug|Any CPU
		{D22B4D0E-CC85-44A4-8505-DFD2FB56FAC2}.Debug|Any CPU.Build.0 = Debug|Any CPU
		{D22B4D0E-CC85-44A4-8505-DFD2FB56FAC2}.Release|Any CPU.ActiveCfg = Release|Any CPU
		{D22B4D0E-CC85-44A4-8505-DFD2FB56FAC2}.Release|Any CPU.Build.0 = Release|Any CPU
	EndGlobalSection
	GlobalSection(SolutionProperties) = preSolution
		HideSolutionNode = FALSE
	EndGlobalSection
EndGlobal
